
Microsoft Visual Studio Solution File, Format Version 12.00
# Visual Studio 2013
VisualStudioVersion = 12.0.31101.0
MinimumVisualStudioVersion = 10.0.40219.1
Project("{F2A71F9B-5D33-465A-A702-920D77279786}") = "OrleansClient", "OrleansFSharpSamples\OrleansClient.fsproj", "{317C3304-7F6C-413B-89FA-0E507EA8EDE0}"
EndProject
Project("{F2A71F9B-5D33-465A-A702-920D77279786}") = "OrleansServer", "OrleansServer\OrleansServer.fsproj", "{CB46653A-E55D-4E89-99C9-71331DD4D6D2}"
EndProject
Project("{F2A71F9B-5D33-465A-A702-920D77279786}") = "OrleansGrains", "OrleansGrains\OrleansGrains.fsproj", "{5511B890-11CF-4412-8682-CD70A531F7EA}"
EndProject
Project("{FAE04EC0-301F-11D3-BF4B-00C04F79EFBC}") = "OrleansGrainsInterfaces", "OrleansGrainsInterfaces\OrleansGrainsInterfaces.csproj", "{20774394-648A-4201-A0F6-852EB33C2658}"
EndProject
Global
	GlobalSection(SolutionConfigurationPlatforms) = preSolution
		Debug|Any CPU = Debug|Any CPU
		Release|Any CPU = Release|Any CPU
	EndGlobalSection
	GlobalSection(ProjectConfigurationPlatforms) = postSolution
		{317C3304-7F6C-413B-89FA-0E507EA8EDE0}.Debug|Any CPU.ActiveCfg = Debug|Any CPU
		{317C3304-7F6C-413B-89FA-0E507EA8EDE0}.Debug|Any CPU.Build.0 = Debug|Any CPU
		{317C3304-7F6C-413B-89FA-0E507EA8EDE0}.Release|Any CPU.ActiveCfg = Release|Any CPU
		{317C3304-7F6C-413B-89FA-0E507EA8EDE0}.Release|Any CPU.Build.0 = Release|Any CPU
		{CB46653A-E55D-4E89-99C9-71331DD4D6D2}.Debug|Any CPU.ActiveCfg = Debug|Any CPU
		{CB46653A-E55D-4E89-99C9-71331DD4D6D2}.Debug|Any CPU.Build.0 = Debug|Any CPU
		{CB46653A-E55D-4E89-99C9-71331DD4D6D2}.Release|Any CPU.ActiveCfg = Release|Any CPU
		{CB46653A-E55D-4E89-99C9-71331DD4D6D2}.Release|Any CPU.Build.0 = Release|Any CPU
		{5511B890-11CF-4412-8682-CD70A531F7EA}.Debug|Any CPU.ActiveCfg = Debug|Any CPU
		{5511B890-11CF-4412-8682-CD70A531F7EA}.Debug|Any CPU.Build.0 = Debug|Any CPU
		{5511B890-11CF-4412-8682-CD70A531F7EA}.Release|Any CPU.ActiveCfg = Release|Any CPU
		{5511B890-11CF-4412-8682-CD70A531F7EA}.Release|Any CPU.Build.0 = Release|Any CPU
		{20774394-648A-4201-A0F6-852EB33C2658}.Debug|Any CPU.ActiveCfg = Debug|Any CPU
		{20774394-648A-4201-A0F6-852EB33C2658}.Debug|Any CPU.Build.0 = Debug|Any CPU
		{20774394-648A-4201-A0F6-852EB33C2658}.Release|Any CPU.ActiveCfg = Release|Any CPU
		{20774394-648A-4201-A0F6-852EB33C2658}.Release|Any CPU.Build.0 = Release|Any CPU
	EndGlobalSection
	GlobalSection(SolutionProperties) = preSolution
		HideSolutionNode = FALSE
	EndGlobalSection
EndGlobal
